// !$*UTF8*$!
{
	archiveVersion = 1;
	classes = {
	};
	objectVersion = 55;
	objects = {

/* Begin PBXBuildFile section */
		2F53F818C0DF2DB63AEB9106 /* Pods_SilentSafteyV2.framework in Frameworks */ = {isa = PBXBuildFile; fileRef = 1041703AD2CC70043018C64F /* Pods_SilentSafteyV2.framework */; };
		482A4DFD287BCB580015A96A /* WidgetKit.framework in Frameworks */ = {isa = PBXBuildFile; fileRef = 482A4DFC287BCB580015A96A /* WidgetKit.framework */; };
		482A4DFF287BCB590015A96A /* SwiftUI.framework in Frameworks */ = {isa = PBXBuildFile; fileRef = 482A4DFE287BCB590015A96A /* SwiftUI.framework */; };
		482A4E02287BCB590015A96A /* SosButton.swift in Sources */ = {isa = PBXBuildFile; fileRef = 482A4E01287BCB590015A96A /* SosButton.swift */; };
		482A4E05287BCB5E0015A96A /* Assets.xcassets in Resources */ = {isa = PBXBuildFile; fileRef = 482A4E04287BCB5E0015A96A /* Assets.xcassets */; };
		482A4E0B287BCB5F0015A96A /* SosButtonExtension.appex in Embed App Extensions */ = {isa = PBXBuildFile; fileRef = 482A4DFB287BCB580015A96A /* SosButtonExtension.appex */; settings = {ATTRIBUTES = (RemoveHeadersOnCopy, ); }; };
		482A4E10287BCD670015A96A /* Assets.xcassets in Resources */ = {isa = PBXBuildFile; fileRef = 487833B32875E0F700BD7C52 /* Assets.xcassets */; };
		4833C2482876496000A1FE37 /* WidgetDirectionViewController.swift in Sources */ = {isa = PBXBuildFile; fileRef = 4833C2472876496000A1FE37 /* WidgetDirectionViewController.swift */; };
		4833C24C2876576D00A1FE37 /* PreTestViewController.swift in Sources */ = {isa = PBXBuildFile; fileRef = 4833C24B2876576D00A1FE37 /* PreTestViewController.swift */; };
		4833C24E287730FE00A1FE37 /* TestViewController.swift in Sources */ = {isa = PBXBuildFile; fileRef = 4833C24D287730FE00A1FE37 /* TestViewController.swift */; };
		487833AB2875E0F100BD7C52 /* AppDelegate.swift in Sources */ = {isa = PBXBuildFile; fileRef = 487833AA2875E0F100BD7C52 /* AppDelegate.swift */; };
		487833AD2875E0F100BD7C52 /* SceneDelegate.swift in Sources */ = {isa = PBXBuildFile; fileRef = 487833AC2875E0F100BD7C52 /* SceneDelegate.swift */; };
		487833AF2875E0F100BD7C52 /* ViewController.swift in Sources */ = {isa = PBXBuildFile; fileRef = 487833AE2875E0F100BD7C52 /* ViewController.swift */; };
		487833B22875E0F100BD7C52 /* Main.storyboard in Resources */ = {isa = PBXBuildFile; fileRef = 487833B02875E0F100BD7C52 /* Main.storyboard */; };
		487833B42875E0F700BD7C52 /* Assets.xcassets in Resources */ = {isa = PBXBuildFile; fileRef = 487833B32875E0F700BD7C52 /* Assets.xcassets */; };
		487833B72875E0F800BD7C52 /* LaunchScreen.storyboard in Resources */ = {isa = PBXBuildFile; fileRef = 487833B52875E0F800BD7C52 /* LaunchScreen.storyboard */; };
		487833C42875E24300BD7C52 /* IntroViewController.swift in Sources */ = {isa = PBXBuildFile; fileRef = 487833C32875E24300BD7C52 /* IntroViewController.swift */; };
		487833C62875E2A300BD7C52 /* OnboardingObject.swift in Sources */ = {isa = PBXBuildFile; fileRef = 487833C52875E2A300BD7C52 /* OnboardingObject.swift */; };
		487833C82875E2EB00BD7C52 /* OnboardingCollectionViewCell.swift in Sources */ = {isa = PBXBuildFile; fileRef = 487833C72875E2EB00BD7C52 /* OnboardingCollectionViewCell.swift */; };
		487833CA2875E67000BD7C52 /* ReusableUIElements.swift in Sources */ = {isa = PBXBuildFile; fileRef = 487833C92875E67000BD7C52 /* ReusableUIElements.swift */; };
		487833CC2875F22E00BD7C52 /* InformationViewController.swift in Sources */ = {isa = PBXBuildFile; fileRef = 487833CB2875F22E00BD7C52 /* InformationViewController.swift */; };
		48852E2D2882283D0011628F /* ResponseVariables.swift in Sources */ = {isa = PBXBuildFile; fileRef = 48852E2C2882283D0011628F /* ResponseVariables.swift */; };
		48ABFA7C2878B0FA00A7FFEC /* AllStrings.swift in Sources */ = {isa = PBXBuildFile; fileRef = 48ABFA7B2878B0FA00A7FFEC /* AllStrings.swift */; };
		48ABFA7E2879206700A7FFEC /* CompletionViewController.swift in Sources */ = {isa = PBXBuildFile; fileRef = 48ABFA7D2879206700A7FFEC /* CompletionViewController.swift */; };
		48B65D902879E32C00414BD0 /* MainViewController.swift in Sources */ = {isa = PBXBuildFile; fileRef = 48B65D8F2879E32C00414BD0 /* MainViewController.swift */; };
		48B65D92287A111A00414BD0 /* VolumeExtension.swift in Sources */ = {isa = PBXBuildFile; fileRef = 48B65D91287A111A00414BD0 /* VolumeExtension.swift */; };
		48B65D94287A113900414BD0 /* NotificationExtension.swift in Sources */ = {isa = PBXBuildFile; fileRef = 48B65D93287A113900414BD0 /* NotificationExtension.swift */; };
		48B65D96287A116700414BD0 /* Location.swift in Sources */ = {isa = PBXBuildFile; fileRef = 48B65D95287A116700414BD0 /* Location.swift */; };
		48B947012881C5DE0060090E /* LocationObject.swift in Sources */ = {isa = PBXBuildFile; fileRef = 48B947002881C5DE0060090E /* LocationObject.swift */; };
		48BBECDE28899C92000B2BF9 /* TextFieldEssential.swift in Sources */ = {isa = PBXBuildFile; fileRef = 48BBECDD28899C92000B2BF9 /* TextFieldEssential.swift */; };
		48BBECE0288A13E5000B2BF9 /* NavigationControllerEssential.swift in Sources */ = {isa = PBXBuildFile; fileRef = 48BBECDF288A13E5000B2BF9 /* NavigationControllerEssential.swift */; };
		48C6549F28834FB30078C83A /* ContactViewController.swift in Sources */ = {isa = PBXBuildFile; fileRef = 48C6549E28834FB20078C83A /* ContactViewController.swift */; };
		48C96080287F4E7C004A47D8 /* PhoneCall.swift in Sources */ = {isa = PBXBuildFile; fileRef = 48C9607F287F4E7C004A47D8 /* PhoneCall.swift */; };
		48C9608428805BE0004A47D8 /* SettingsViewController.swift in Sources */ = {isa = PBXBuildFile; fileRef = 48C9608328805BE0004A47D8 /* SettingsViewController.swift */; };
/* End PBXBuildFile section */

/* Begin PBXContainerItemProxy section */
		482A4E09287BCB5F0015A96A /* PBXContainerItemProxy */ = {
			isa = PBXContainerItemProxy;
			containerPortal = 4878339F2875E0F100BD7C52 /* Project object */;
			proxyType = 1;
			remoteGlobalIDString = 482A4DFA287BCB580015A96A;
			remoteInfo = SosButtonExtension;
		};
/* End PBXContainerItemProxy section */

/* Begin PBXCopyFilesBuildPhase section */
		482A4E0F287BCB5F0015A96A /* Embed App Extensions */ = {
			isa = PBXCopyFilesBuildPhase;
			buildActionMask = 2147483647;
			dstPath = "";
			dstSubfolderSpec = 13;
			files = (
				482A4E0B287BCB5F0015A96A /* SosButtonExtension.appex in Embed App Extensions */,
			);
			name = "Embed App Extensions";
			runOnlyForDeploymentPostprocessing = 0;
		};
/* End PBXCopyFilesBuildPhase section */

/* Begin PBXFileReference section */
		0A6FA360D0CDBB4EE7E66666 /* Pods-SilentSafteyV2.release.xcconfig */ = {isa = PBXFileReference; includeInIndex = 1; lastKnownFileType = text.xcconfig; name = "Pods-SilentSafteyV2.release.xcconfig"; path = "Target Support Files/Pods-SilentSafteyV2/Pods-SilentSafteyV2.release.xcconfig"; sourceTree = "<group>"; };
		1041703AD2CC70043018C64F /* Pods_SilentSafteyV2.framework */ = {isa = PBXFileReference; explicitFileType = wrapper.framework; includeInIndex = 0; path = Pods_SilentSafteyV2.framework; sourceTree = BUILT_PRODUCTS_DIR; };
		14D2887C0DB537E27B068F6D /* Pods-SilentSafteyV2.debug.xcconfig */ = {isa = PBXFileReference; includeInIndex = 1; lastKnownFileType = text.xcconfig; name = "Pods-SilentSafteyV2.debug.xcconfig"; path = "Target Support Files/Pods-SilentSafteyV2/Pods-SilentSafteyV2.debug.xcconfig"; sourceTree = "<group>"; };
		482A4DFB287BCB580015A96A /* SosButtonExtension.appex */ = {isa = PBXFileReference; explicitFileType = "wrapper.app-extension"; includeInIndex = 0; path = SosButtonExtension.appex; sourceTree = BUILT_PRODUCTS_DIR; };
		482A4DFC287BCB580015A96A /* WidgetKit.framework */ = {isa = PBXFileReference; lastKnownFileType = wrapper.framework; name = WidgetKit.framework; path = System/Library/Frameworks/WidgetKit.framework; sourceTree = SDKROOT; };
		482A4DFE287BCB590015A96A /* SwiftUI.framework */ = {isa = PBXFileReference; lastKnownFileType = wrapper.framework; name = SwiftUI.framework; path = System/Library/Frameworks/SwiftUI.framework; sourceTree = SDKROOT; };
		482A4E01287BCB590015A96A /* SosButton.swift */ = {isa = PBXFileReference; lastKnownFileType = sourcecode.swift; path = SosButton.swift; sourceTree = "<group>"; };
		482A4E04287BCB5E0015A96A /* Assets.xcassets */ = {isa = PBXFileReference; lastKnownFileType = folder.assetcatalog; path = Assets.xcassets; sourceTree = "<group>"; };
		482A4E06287BCB5E0015A96A /* Info.plist */ = {isa = PBXFileReference; lastKnownFileType = text.plist.xml; path = Info.plist; sourceTree = "<group>"; };
		4833C2472876496000A1FE37 /* WidgetDirectionViewController.swift */ = {isa = PBXFileReference; lastKnownFileType = sourcecode.swift; path = WidgetDirectionViewController.swift; sourceTree = "<group>"; };
		4833C24B2876576D00A1FE37 /* PreTestViewController.swift */ = {isa = PBXFileReference; lastKnownFileType = sourcecode.swift; path = PreTestViewController.swift; sourceTree = "<group>"; };
		4833C24D287730FE00A1FE37 /* TestViewController.swift */ = {isa = PBXFileReference; lastKnownFileType = sourcecode.swift; path = TestViewController.swift; sourceTree = "<group>"; };
		487833A72875E0F100BD7C52 /* SilentSafteyV2.app */ = {isa = PBXFileReference; explicitFileType = wrapper.application; includeInIndex = 0; path = SilentSafteyV2.app; sourceTree = BUILT_PRODUCTS_DIR; };
		487833AA2875E0F100BD7C52 /* AppDelegate.swift */ = {isa = PBXFileReference; lastKnownFileType = sourcecode.swift; path = AppDelegate.swift; sourceTree = "<group>"; };
		487833AC2875E0F100BD7C52 /* SceneDelegate.swift */ = {isa = PBXFileReference; lastKnownFileType = sourcecode.swift; path = SceneDelegate.swift; sourceTree = "<group>"; };
		487833AE2875E0F100BD7C52 /* ViewController.swift */ = {isa = PBXFileReference; lastKnownFileType = sourcecode.swift; path = ViewController.swift; sourceTree = "<group>"; };
		487833B12875E0F100BD7C52 /* Base */ = {isa = PBXFileReference; lastKnownFileType = file.storyboard; name = Base; path = Base.lproj/Main.storyboard; sourceTree = "<group>"; };
		487833B32875E0F700BD7C52 /* Assets.xcassets */ = {isa = PBXFileReference; lastKnownFileType = folder.assetcatalog; path = Assets.xcassets; sourceTree = "<group>"; };
		487833B62875E0F800BD7C52 /* Base */ = {isa = PBXFileReference; lastKnownFileType = file.storyboard; name = Base; path = Base.lproj/LaunchScreen.storyboard; sourceTree = "<group>"; };
		487833B82875E0F800BD7C52 /* Info.plist */ = {isa = PBXFileReference; lastKnownFileType = text.plist.xml; path = Info.plist; sourceTree = "<group>"; };
		487833C32875E24300BD7C52 /* IntroViewController.swift */ = {isa = PBXFileReference; lastKnownFileType = sourcecode.swift; path = IntroViewController.swift; sourceTree = "<group>"; };
		487833C52875E2A300BD7C52 /* OnboardingObject.swift */ = {isa = PBXFileReference; lastKnownFileType = sourcecode.swift; path = OnboardingObject.swift; sourceTree = "<group>"; };
		487833C72875E2EB00BD7C52 /* OnboardingCollectionViewCell.swift */ = {isa = PBXFileReference; lastKnownFileType = sourcecode.swift; path = OnboardingCollectionViewCell.swift; sourceTree = "<group>"; };
		487833C92875E67000BD7C52 /* ReusableUIElements.swift */ = {isa = PBXFileReference; lastKnownFileType = sourcecode.swift; path = ReusableUIElements.swift; sourceTree = "<group>"; };
		487833CB2875F22E00BD7C52 /* InformationViewController.swift */ = {isa = PBXFileReference; lastKnownFileType = sourcecode.swift; path = InformationViewController.swift; sourceTree = "<group>"; };
		48852E2C2882283D0011628F /* ResponseVariables.swift */ = {isa = PBXFileReference; lastKnownFileType = sourcecode.swift; path = ResponseVariables.swift; sourceTree = "<group>"; };
		48ABFA7B2878B0FA00A7FFEC /* AllStrings.swift */ = {isa = PBXFileReference; lastKnownFileType = sourcecode.swift; path = AllStrings.swift; sourceTree = "<group>"; };
		48ABFA7D2879206700A7FFEC /* CompletionViewController.swift */ = {isa = PBXFileReference; lastKnownFileType = sourcecode.swift; path = CompletionViewController.swift; sourceTree = "<group>"; };
		48B65D8F2879E32C00414BD0 /* MainViewController.swift */ = {isa = PBXFileReference; lastKnownFileType = sourcecode.swift; path = MainViewController.swift; sourceTree = "<group>"; };
		48B65D91287A111A00414BD0 /* VolumeExtension.swift */ = {isa = PBXFileReference; lastKnownFileType = sourcecode.swift; path = VolumeExtension.swift; sourceTree = "<group>"; };
		48B65D93287A113900414BD0 /* NotificationExtension.swift */ = {isa = PBXFileReference; lastKnownFileType = sourcecode.swift; path = NotificationExtension.swift; sourceTree = "<group>"; };
		48B65D95287A116700414BD0 /* Location.swift */ = {isa = PBXFileReference; lastKnownFileType = sourcecode.swift; path = Location.swift; sourceTree = "<group>"; };
		48B947002881C5DE0060090E /* LocationObject.swift */ = {isa = PBXFileReference; lastKnownFileType = sourcecode.swift; path = LocationObject.swift; sourceTree = "<group>"; };
		48BBECDD28899C92000B2BF9 /* TextFieldEssential.swift */ = {isa = PBXFileReference; lastKnownFileType = sourcecode.swift; path = TextFieldEssential.swift; sourceTree = "<group>"; };
		48BBECDF288A13E5000B2BF9 /* NavigationControllerEssential.swift */ = {isa = PBXFileReference; lastKnownFileType = sourcecode.swift; path = NavigationControllerEssential.swift; sourceTree = "<group>"; };
		48C6549E28834FB20078C83A /* ContactViewController.swift */ = {isa = PBXFileReference; lastKnownFileType = sourcecode.swift; path = ContactViewController.swift; sourceTree = "<group>"; };
		48C9607F287F4E7C004A47D8 /* PhoneCall.swift */ = {isa = PBXFileReference; lastKnownFileType = sourcecode.swift; path = PhoneCall.swift; sourceTree = "<group>"; };
		48C9608328805BE0004A47D8 /* SettingsViewController.swift */ = {isa = PBXFileReference; lastKnownFileType = sourcecode.swift; path = SettingsViewController.swift; sourceTree = "<group>"; };
/* End PBXFileReference section */

/* Begin PBXFrameworksBuildPhase section */
		482A4DF8287BCB580015A96A /* Frameworks */ = {
			isa = PBXFrameworksBuildPhase;
			buildActionMask = 2147483647;
			files = (
				482A4DFF287BCB590015A96A /* SwiftUI.framework in Frameworks */,
				482A4DFD287BCB580015A96A /* WidgetKit.framework in Frameworks */,
			);
			runOnlyForDeploymentPostprocessing = 0;
		};
		487833A42875E0F100BD7C52 /* Frameworks */ = {
			isa = PBXFrameworksBuildPhase;
			buildActionMask = 2147483647;
			files = (
				2F53F818C0DF2DB63AEB9106 /* Pods_SilentSafteyV2.framework in Frameworks */,
			);
			runOnlyForDeploymentPostprocessing = 0;
		};
/* End PBXFrameworksBuildPhase section */

/* Begin PBXGroup section */
		482A4E00287BCB590015A96A /* SosButton */ = {
			isa = PBXGroup;
			children = (
				482A4E01287BCB590015A96A /* SosButton.swift */,
				482A4E04287BCB5E0015A96A /* Assets.xcassets */,
				482A4E06287BCB5E0015A96A /* Info.plist */,
			);
			path = SosButton;
			sourceTree = "<group>";
		};
		4878339E2875E0F100BD7C52 = {
			isa = PBXGroup;
			children = (
				487833A92875E0F100BD7C52 /* SilentSafteyV2 */,
				482A4E00287BCB590015A96A /* SosButton */,
				487833A82875E0F100BD7C52 /* Products */,
				B8BB58489A44D91A7BEBC79F /* Pods */,
				CEE3F033CDDED9C545BB961B /* Frameworks */,
			);
			sourceTree = "<group>";
		};
		487833A82875E0F100BD7C52 /* Products */ = {
			isa = PBXGroup;
			children = (
				487833A72875E0F100BD7C52 /* SilentSafteyV2.app */,
				482A4DFB287BCB580015A96A /* SosButtonExtension.appex */,
			);
			name = Products;
			sourceTree = "<group>";
		};
		487833A92875E0F100BD7C52 /* SilentSafteyV2 */ = {
			isa = PBXGroup;
			children = (
				487833BE2875E10B00BD7C52 /* Extensions */,
				487833C02875E12700BD7C52 /* Model */,
				487833BF2875E11D00BD7C52 /* Controllers */,
				487833C12875E1DB00BD7C52 /* CustomViews */,
				487833AA2875E0F100BD7C52 /* AppDelegate.swift */,
				487833AC2875E0F100BD7C52 /* SceneDelegate.swift */,
				487833AE2875E0F100BD7C52 /* ViewController.swift */,
				487833B02875E0F100BD7C52 /* Main.storyboard */,
				487833B32875E0F700BD7C52 /* Assets.xcassets */,
				487833B52875E0F800BD7C52 /* LaunchScreen.storyboard */,
				487833B82875E0F800BD7C52 /* Info.plist */,
				48ABFA7B2878B0FA00A7FFEC /* AllStrings.swift */,
			);
			path = SilentSafteyV2;
			sourceTree = "<group>";
		};
		487833BE2875E10B00BD7C52 /* Extensions */ = {
			isa = PBXGroup;
			children = (
				48B65D91287A111A00414BD0 /* VolumeExtension.swift */,
				48B65D93287A113900414BD0 /* NotificationExtension.swift */,
			);
			path = Extensions;
			sourceTree = "<group>";
		};
		487833BF2875E11D00BD7C52 /* Controllers */ = {
			isa = PBXGroup;
			children = (
				487833C22875E22500BD7C52 /* Onboarding */,
			);
			path = Controllers;
			sourceTree = "<group>";
		};
		487833C02875E12700BD7C52 /* Model */ = {
			isa = PBXGroup;
			children = (
				487833C52875E2A300BD7C52 /* OnboardingObject.swift */,
				48B65D95287A116700414BD0 /* Location.swift */,
				48C9607F287F4E7C004A47D8 /* PhoneCall.swift */,
				48B947002881C5DE0060090E /* LocationObject.swift */,
				48852E2C2882283D0011628F /* ResponseVariables.swift */,
				48BBECDD28899C92000B2BF9 /* TextFieldEssential.swift */,
				48BBECDF288A13E5000B2BF9 /* NavigationControllerEssential.swift */,
			);
			path = Model;
			sourceTree = "<group>";
		};
		487833C12875E1DB00BD7C52 /* CustomViews */ = {
			isa = PBXGroup;
			children = (
				487833C72875E2EB00BD7C52 /* OnboardingCollectionViewCell.swift */,
				487833C92875E67000BD7C52 /* ReusableUIElements.swift */,
			);
			path = CustomViews;
			sourceTree = "<group>";
		};
		487833C22875E22500BD7C52 /* Onboarding */ = {
			isa = PBXGroup;
			children = (
				487833C32875E24300BD7C52 /* IntroViewController.swift */,
				487833CB2875F22E00BD7C52 /* InformationViewController.swift */,
				4833C2472876496000A1FE37 /* WidgetDirectionViewController.swift */,
				4833C24B2876576D00A1FE37 /* PreTestViewController.swift */,
				4833C24D287730FE00A1FE37 /* TestViewController.swift */,
				48ABFA7D2879206700A7FFEC /* CompletionViewController.swift */,
				48B65D8F2879E32C00414BD0 /* MainViewController.swift */,
				48C9608328805BE0004A47D8 /* SettingsViewController.swift */,
				48C6549E28834FB20078C83A /* ContactViewController.swift */,
			);
			path = Onboarding;
			sourceTree = "<group>";
		};
		B8BB58489A44D91A7BEBC79F /* Pods */ = {
			isa = PBXGroup;
			children = (
				14D2887C0DB537E27B068F6D /* Pods-SilentSafteyV2.debug.xcconfig */,
				0A6FA360D0CDBB4EE7E66666 /* Pods-SilentSafteyV2.release.xcconfig */,
			);
			path = Pods;
			sourceTree = "<group>";
		};
		CEE3F033CDDED9C545BB961B /* Frameworks */ = {
			isa = PBXGroup;
			children = (
				1041703AD2CC70043018C64F /* Pods_SilentSafteyV2.framework */,
				482A4DFC287BCB580015A96A /* WidgetKit.framework */,
				482A4DFE287BCB590015A96A /* SwiftUI.framework */,
			);
			name = Frameworks;
			sourceTree = "<group>";
		};
/* End PBXGroup section */

/* Begin PBXNativeTarget section */
		482A4DFA287BCB580015A96A /* SosButtonExtension */ = {
			isa = PBXNativeTarget;
			buildConfigurationList = 482A4E0C287BCB5F0015A96A /* Build configuration list for PBXNativeTarget "SosButtonExtension" */;
			buildPhases = (
				482A4DF7287BCB580015A96A /* Sources */,
				482A4DF8287BCB580015A96A /* Frameworks */,
				482A4DF9287BCB580015A96A /* Resources */,
			);
			buildRules = (
			);
			dependencies = (
			);
			name = SosButtonExtension;
			productName = SosButtonExtension;
			productReference = 482A4DFB287BCB580015A96A /* SosButtonExtension.appex */;
			productType = "com.apple.product-type.app-extension";
		};
		487833A62875E0F100BD7C52 /* SilentSafteyV2 */ = {
			isa = PBXNativeTarget;
			buildConfigurationList = 487833BB2875E0F800BD7C52 /* Build configuration list for PBXNativeTarget "SilentSafteyV2" */;
			buildPhases = (
				5215D9286EFDB2B4643D503B /* [CP] Check Pods Manifest.lock */,
				487833A32875E0F100BD7C52 /* Sources */,
				487833A42875E0F100BD7C52 /* Frameworks */,
				487833A52875E0F100BD7C52 /* Resources */,
				EE211BD90F0DA74654CCDD57 /* [CP] Embed Pods Frameworks */,
				482A4E0F287BCB5F0015A96A /* Embed App Extensions */,
			);
			buildRules = (
			);
			dependencies = (
				482A4E0A287BCB5F0015A96A /* PBXTargetDependency */,
			);
			name = SilentSafteyV2;
			productName = SilentSafteyV2;
			productReference = 487833A72875E0F100BD7C52 /* SilentSafteyV2.app */;
			productType = "com.apple.product-type.application";
		};
/* End PBXNativeTarget section */

/* Begin PBXProject section */
		4878339F2875E0F100BD7C52 /* Project object */ = {
			isa = PBXProject;
			attributes = {
				BuildIndependentTargetsInParallel = 1;
				LastSwiftUpdateCheck = 1340;
				LastUpgradeCheck = 1340;
				TargetAttributes = {
					482A4DFA287BCB580015A96A = {
						CreatedOnToolsVersion = 13.4.1;
					};
					487833A62875E0F100BD7C52 = {
						CreatedOnToolsVersion = 13.4.1;
					};
				};
			};
			buildConfigurationList = 487833A22875E0F100BD7C52 /* Build configuration list for PBXProject "SilentSafteyV2" */;
			compatibilityVersion = "Xcode 13.0";
			developmentRegion = en;
			hasScannedForEncodings = 0;
			knownRegions = (
				en,
				Base,
			);
			mainGroup = 4878339E2875E0F100BD7C52;
			productRefGroup = 487833A82875E0F100BD7C52 /* Products */;
			projectDirPath = "";
			projectRoot = "";
			targets = (
				487833A62875E0F100BD7C52 /* SilentSafteyV2 */,
				482A4DFA287BCB580015A96A /* SosButtonExtension */,
			);
		};
/* End PBXProject section */

/* Begin PBXResourcesBuildPhase section */
		482A4DF9287BCB580015A96A /* Resources */ = {
			isa = PBXResourcesBuildPhase;
			buildActionMask = 2147483647;
			files = (
				482A4E10287BCD670015A96A /* Assets.xcassets in Resources */,
				482A4E05287BCB5E0015A96A /* Assets.xcassets in Resources */,
			);
			runOnlyForDeploymentPostprocessing = 0;
		};
		487833A52875E0F100BD7C52 /* Resources */ = {
			isa = PBXResourcesBuildPhase;
			buildActionMask = 2147483647;
			files = (
				487833B72875E0F800BD7C52 /* LaunchScreen.storyboard in Resources */,
				487833B42875E0F700BD7C52 /* Assets.xcassets in Resources */,
				487833B22875E0F100BD7C52 /* Main.storyboard in Resources */,
			);
			runOnlyForDeploymentPostprocessing = 0;
		};
/* End PBXResourcesBuildPhase section */

/* Begin PBXShellScriptBuildPhase section */
		5215D9286EFDB2B4643D503B /* [CP] Check Pods Manifest.lock */ = {
			isa = PBXShellScriptBuildPhase;
			buildActionMask = 2147483647;
			files = (
			);
			inputFileListPaths = (
			);
			inputPaths = (
				"${PODS_PODFILE_DIR_PATH}/Podfile.lock",
				"${PODS_ROOT}/Manifest.lock",
			);
			name = "[CP] Check Pods Manifest.lock";
			outputFileListPaths = (
			);
			outputPaths = (
				"$(DERIVED_FILE_DIR)/Pods-SilentSafteyV2-checkManifestLockResult.txt",
			);
			runOnlyForDeploymentPostprocessing = 0;
			shellPath = /bin/sh;
			shellScript = "diff \"${PODS_PODFILE_DIR_PATH}/Podfile.lock\" \"${PODS_ROOT}/Manifest.lock\" > /dev/null\nif [ $? != 0 ] ; then\n    # print error to STDERR\n    echo \"error: The sandbox is not in sync with the Podfile.lock. Run 'pod install' or update your CocoaPods installation.\" >&2\n    exit 1\nfi\n# This output is used by Xcode 'outputs' to avoid re-running this script phase.\necho \"SUCCESS\" > \"${SCRIPT_OUTPUT_FILE_0}\"\n";
			showEnvVarsInLog = 0;
		};
		EE211BD90F0DA74654CCDD57 /* [CP] Embed Pods Frameworks */ = {
			isa = PBXShellScriptBuildPhase;
			buildActionMask = 2147483647;
			files = (
			);
			inputFileListPaths = (
				"${PODS_ROOT}/Target Support Files/Pods-SilentSafteyV2/Pods-SilentSafteyV2-frameworks-${CONFIGURATION}-input-files.xcfilelist",
			);
			name = "[CP] Embed Pods Frameworks";
			outputFileListPaths = (
				"${PODS_ROOT}/Target Support Files/Pods-SilentSafteyV2/Pods-SilentSafteyV2-frameworks-${CONFIGURATION}-output-files.xcfilelist",
			);
			runOnlyForDeploymentPostprocessing = 0;
			shellPath = /bin/sh;
			shellScript = "\"${PODS_ROOT}/Target Support Files/Pods-SilentSafteyV2/Pods-SilentSafteyV2-frameworks.sh\"\n";
			showEnvVarsInLog = 0;
		};
/* End PBXShellScriptBuildPhase section */

/* Begin PBXSourcesBuildPhase section */
		482A4DF7287BCB580015A96A /* Sources */ = {
			isa = PBXSourcesBuildPhase;
			buildActionMask = 2147483647;
			files = (
				482A4E02287BCB590015A96A /* SosButton.swift in Sources */,
			);
			runOnlyForDeploymentPostprocessing = 0;
		};
		487833A32875E0F100BD7C52 /* Sources */ = {
			isa = PBXSourcesBuildPhase;
			buildActionMask = 2147483647;
			files = (
				487833AF2875E0F100BD7C52 /* ViewController.swift in Sources */,
				48ABFA7C2878B0FA00A7FFEC /* AllStrings.swift in Sources */,
				48ABFA7E2879206700A7FFEC /* CompletionViewController.swift in Sources */,
				48C9608428805BE0004A47D8 /* SettingsViewController.swift in Sources */,
				487833AB2875E0F100BD7C52 /* AppDelegate.swift in Sources */,
				48B65D96287A116700414BD0 /* Location.swift in Sources */,
				4833C2482876496000A1FE37 /* WidgetDirectionViewController.swift in Sources */,
				48B65D92287A111A00414BD0 /* VolumeExtension.swift in Sources */,
				48B65D94287A113900414BD0 /* NotificationExtension.swift in Sources */,
				487833CA2875E67000BD7C52 /* ReusableUIElements.swift in Sources */,
				48B947012881C5DE0060090E /* LocationObject.swift in Sources */,
				487833AD2875E0F100BD7C52 /* SceneDelegate.swift in Sources */,
				487833C62875E2A300BD7C52 /* OnboardingObject.swift in Sources */,
				48C96080287F4E7C004A47D8 /* PhoneCall.swift in Sources */,
				48C6549F28834FB30078C83A /* ContactViewController.swift in Sources */,
				487833C42875E24300BD7C52 /* IntroViewController.swift in Sources */,
				48B65D902879E32C00414BD0 /* MainViewController.swift in Sources */,
				487833C82875E2EB00BD7C52 /* OnboardingCollectionViewCell.swift in Sources */,
				48BBECE0288A13E5000B2BF9 /* NavigationControllerEssential.swift in Sources */,
				4833C24C2876576D00A1FE37 /* PreTestViewController.swift in Sources */,
				487833CC2875F22E00BD7C52 /* InformationViewController.swift in Sources */,
				4833C24E287730FE00A1FE37 /* TestViewController.swift in Sources */,
				48852E2D2882283D0011628F /* ResponseVariables.swift in Sources */,
				48BBECDE28899C92000B2BF9 /* TextFieldEssential.swift in Sources */,
			);
			runOnlyForDeploymentPostprocessing = 0;
		};
/* End PBXSourcesBuildPhase section */

/* Begin PBXTargetDependency section */
		482A4E0A287BCB5F0015A96A /* PBXTargetDependency */ = {
			isa = PBXTargetDependency;
			target = 482A4DFA287BCB580015A96A /* SosButtonExtension */;
			targetProxy = 482A4E09287BCB5F0015A96A /* PBXContainerItemProxy */;
		};
/* End PBXTargetDependency section */

/* Begin PBXVariantGroup section */
		487833B02875E0F100BD7C52 /* Main.storyboard */ = {
			isa = PBXVariantGroup;
			children = (
				487833B12875E0F100BD7C52 /* Base */,
			);
			name = Main.storyboard;
			sourceTree = "<group>";
		};
		487833B52875E0F800BD7C52 /* LaunchScreen.storyboard */ = {
			isa = PBXVariantGroup;
			children = (
				487833B62875E0F800BD7C52 /* Base */,
			);
			name = LaunchScreen.storyboard;
			sourceTree = "<group>";
		};
/* End PBXVariantGroup section */

/* Begin XCBuildConfiguration section */
		482A4E0D287BCB5F0015A96A /* Debug */ = {
			isa = XCBuildConfiguration;
			buildSettings = {
				ASSETCATALOG_COMPILER_GLOBAL_ACCENT_COLOR_NAME = AccentColor;
				ASSETCATALOG_COMPILER_WIDGET_BACKGROUND_COLOR_NAME = WidgetBackground;
				CODE_SIGN_STYLE = Automatic;
				CURRENT_PROJECT_VERSION = 1;
				DEVELOPMENT_TEAM = 56GDD52UH9;
				GENERATE_INFOPLIST_FILE = YES;
				INFOPLIST_FILE = SosButton/Info.plist;
				INFOPLIST_KEY_CFBundleDisplayName = SosButton;
				INFOPLIST_KEY_NSHumanReadableCopyright = "";
				IPHONEOS_DEPLOYMENT_TARGET = 14.2;
				LD_RUNPATH_SEARCH_PATHS = (
					"$(inherited)",
					"@executable_path/Frameworks",
					"@executable_path/../../Frameworks",
				);
				MARKETING_VERSION = 1.0;
				PRODUCT_BUNDLE_IDENTIFIER = com.ShivanshNikhra.SilentSafteyV2.SosButton;
				PRODUCT_NAME = "$(TARGET_NAME)";
				SKIP_INSTALL = YES;
				SWIFT_EMIT_LOC_STRINGS = YES;
				SWIFT_VERSION = 5.0;
				TARGETED_DEVICE_FAMILY = "1,2";
			};
			name = Debug;
		};
		482A4E0E287BCB5F0015A96A /* Release */ = {
			isa = XCBuildConfiguration;
			buildSettings = {
				ASSETCATALOG_COMPILER_GLOBAL_ACCENT_COLOR_NAME = AccentColor;
				ASSETCATALOG_COMPILER_WIDGET_BACKGROUND_COLOR_NAME = WidgetBackground;
				CODE_SIGN_STYLE = Automatic;
				CURRENT_PROJECT_VERSION = 1;
				DEVELOPMENT_TEAM = 56GDD52UH9;
				GENERATE_INFOPLIST_FILE = YES;
				INFOPLIST_FILE = SosButton/Info.plist;
				INFOPLIST_KEY_CFBundleDisplayName = SosButton;
				INFOPLIST_KEY_NSHumanReadableCopyright = "";
				IPHONEOS_DEPLOYMENT_TARGET = 14.2;
				LD_RUNPATH_SEARCH_PATHS = (
					"$(inherited)",
					"@executable_path/Frameworks",
					"@executable_path/../../Frameworks",
				);
				MARKETING_VERSION = 1.0;
				PRODUCT_BUNDLE_IDENTIFIER = com.ShivanshNikhra.SilentSafteyV2Preeti.SosButton;
				PRODUCT_NAME = "$(TARGET_NAME)";
				SKIP_INSTALL = YES;
				SWIFT_EMIT_LOC_STRINGS = YES;
				SWIFT_VERSION = 5.0;
				TARGETED_DEVICE_FAMILY = "1,2";
			};
			name = Release;
		};
		487833B92875E0F800BD7C52 /* Debug */ = {
			isa = XCBuildConfiguration;
			buildSettings = {
				ALWAYS_SEARCH_USER_PATHS = NO;
				CLANG_ANALYZER_NONNULL = YES;
				CLANG_ANALYZER_NUMBER_OBJECT_CONVERSION = YES_AGGRESSIVE;
				CLANG_CXX_LANGUAGE_STANDARD = "gnu++17";
				CLANG_ENABLE_MODULES = YES;
				CLANG_ENABLE_OBJC_ARC = YES;
				CLANG_ENABLE_OBJC_WEAK = YES;
				CLANG_WARN_BLOCK_CAPTURE_AUTORELEASING = YES;
				CLANG_WARN_BOOL_CONVERSION = YES;
				CLANG_WARN_COMMA = YES;
				CLANG_WARN_CONSTANT_CONVERSION = YES;
				CLANG_WARN_DEPRECATED_OBJC_IMPLEMENTATIONS = YES;
				CLANG_WARN_DIRECT_OBJC_ISA_USAGE = YES_ERROR;
				CLANG_WARN_DOCUMENTATION_COMMENTS = YES;
				CLANG_WARN_EMPTY_BODY = YES;
				CLANG_WARN_ENUM_CONVERSION = YES;
				CLANG_WARN_INFINITE_RECURSION = YES;
				CLANG_WARN_INT_CONVERSION = YES;
				CLANG_WARN_NON_LITERAL_NULL_CONVERSION = YES;
				CLANG_WARN_OBJC_IMPLICIT_RETAIN_SELF = YES;
				CLANG_WARN_OBJC_LITERAL_CONVERSION = YES;
				CLANG_WARN_OBJC_ROOT_CLASS = YES_ERROR;
				CLANG_WARN_QUOTED_INCLUDE_IN_FRAMEWORK_HEADER = YES;
				CLANG_WARN_RANGE_LOOP_ANALYSIS = YES;
				CLANG_WARN_STRICT_PROTOTYPES = YES;
				CLANG_WARN_SUSPICIOUS_MOVE = YES;
				CLANG_WARN_UNGUARDED_AVAILABILITY = YES_AGGRESSIVE;
				CLANG_WARN_UNREACHABLE_CODE = YES;
				CLANG_WARN__DUPLICATE_METHOD_MATCH = YES;
				COPY_PHASE_STRIP = NO;
				DEBUG_INFORMATION_FORMAT = dwarf;
				ENABLE_STRICT_OBJC_MSGSEND = YES;
				ENABLE_TESTABILITY = YES;
				GCC_C_LANGUAGE_STANDARD = gnu11;
				GCC_DYNAMIC_NO_PIC = NO;
				GCC_NO_COMMON_BLOCKS = YES;
				GCC_OPTIMIZATION_LEVEL = 0;
				GCC_PREPROCESSOR_DEFINITIONS = (
					"DEBUG=1",
					"$(inherited)",
				);
				GCC_WARN_64_TO_32_BIT_CONVERSION = YES;
				GCC_WARN_ABOUT_RETURN_TYPE = YES_ERROR;
				GCC_WARN_UNDECLARED_SELECTOR = YES;
				GCC_WARN_UNINITIALIZED_AUTOS = YES_AGGRESSIVE;
				GCC_WARN_UNUSED_FUNCTION = YES;
				GCC_WARN_UNUSED_VARIABLE = YES;
				IPHONEOS_DEPLOYMENT_TARGET = 15.5;
				MTL_ENABLE_DEBUG_INFO = INCLUDE_SOURCE;
				MTL_FAST_MATH = YES;
				ONLY_ACTIVE_ARCH = YES;
				SDKROOT = iphoneos;
				SWIFT_ACTIVE_COMPILATION_CONDITIONS = DEBUG;
				SWIFT_OPTIMIZATION_LEVEL = "-Onone";
			};
			name = Debug;
		};
		487833BA2875E0F800BD7C52 /* Release */ = {
			isa = XCBuildConfiguration;
			buildSettings = {
				ALWAYS_SEARCH_USER_PATHS = NO;
				CLANG_ANALYZER_NONNULL = YES;
				CLANG_ANALYZER_NUMBER_OBJECT_CONVERSION = YES_AGGRESSIVE;
				CLANG_CXX_LANGUAGE_STANDARD = "gnu++17";
				CLANG_ENABLE_MODULES = YES;
				CLANG_ENABLE_OBJC_ARC = YES;
				CLANG_ENABLE_OBJC_WEAK = YES;
				CLANG_WARN_BLOCK_CAPTURE_AUTORELEASING = YES;
				CLANG_WARN_BOOL_CONVERSION = YES;
				CLANG_WARN_COMMA = YES;
				CLANG_WARN_CONSTANT_CONVERSION = YES;
				CLANG_WARN_DEPRECATED_OBJC_IMPLEMENTATIONS = YES;
				CLANG_WARN_DIRECT_OBJC_ISA_USAGE = YES_ERROR;
				CLANG_WARN_DOCUMENTATION_COMMENTS = YES;
				CLANG_WARN_EMPTY_BODY = YES;
				CLANG_WARN_ENUM_CONVERSION = YES;
				CLANG_WARN_INFINITE_RECURSION = YES;
				CLANG_WARN_INT_CONVERSION = YES;
				CLANG_WARN_NON_LITERAL_NULL_CONVERSION = YES;
				CLANG_WARN_OBJC_IMPLICIT_RETAIN_SELF = YES;
				CLANG_WARN_OBJC_LITERAL_CONVERSION = YES;
				CLANG_WARN_OBJC_ROOT_CLASS = YES_ERROR;
				CLANG_WARN_QUOTED_INCLUDE_IN_FRAMEWORK_HEADER = YES;
				CLANG_WARN_RANGE_LOOP_ANALYSIS = YES;
				CLANG_WARN_STRICT_PROTOTYPES = YES;
				CLANG_WARN_SUSPICIOUS_MOVE = YES;
				CLANG_WARN_UNGUARDED_AVAILABILITY = YES_AGGRESSIVE;
				CLANG_WARN_UNREACHABLE_CODE = YES;
				CLANG_WARN__DUPLICATE_METHOD_MATCH = YES;
				COPY_PHASE_STRIP = NO;
				DEBUG_INFORMATION_FORMAT = "dwarf-with-dsym";
				ENABLE_NS_ASSERTIONS = NO;
				ENABLE_STRICT_OBJC_MSGSEND = YES;
				GCC_C_LANGUAGE_STANDARD = gnu11;
				GCC_NO_COMMON_BLOCKS = YES;
				GCC_WARN_64_TO_32_BIT_CONVERSION = YES;
				GCC_WARN_ABOUT_RETURN_TYPE = YES_ERROR;
				GCC_WARN_UNDECLARED_SELECTOR = YES;
				GCC_WARN_UNINITIALIZED_AUTOS = YES_AGGRESSIVE;
				GCC_WARN_UNUSED_FUNCTION = YES;
				GCC_WARN_UNUSED_VARIABLE = YES;
				IPHONEOS_DEPLOYMENT_TARGET = 15.5;
				MTL_ENABLE_DEBUG_INFO = NO;
				MTL_FAST_MATH = YES;
				SDKROOT = iphoneos;
				SWIFT_COMPILATION_MODE = wholemodule;
				SWIFT_OPTIMIZATION_LEVEL = "-O";
				VALIDATE_PRODUCT = YES;
			};
			name = Release;
		};
		487833BC2875E0F800BD7C52 /* Debug */ = {
			isa = XCBuildConfiguration;
			baseConfigurationReference = 14D2887C0DB537E27B068F6D /* Pods-SilentSafteyV2.debug.xcconfig */;
			buildSettings = {
				ALWAYS_EMBED_SWIFT_STANDARD_LIBRARIES = YES;
				ASSETCATALOG_COMPILER_APPICON_NAME = AppIcon;
				ASSETCATALOG_COMPILER_GLOBAL_ACCENT_COLOR_NAME = AccentColor;
				CODE_SIGN_STYLE = Automatic;
				CURRENT_PROJECT_VERSION = 1;
				DEVELOPMENT_TEAM = 56GDD52UH9;
				GENERATE_INFOPLIST_FILE = YES;
				INFOPLIST_FILE = SilentSafteyV2/Info.plist;
				INFOPLIST_KEY_NSLocationWhenInUseUsageDescription = "Location when in use description ";
				INFOPLIST_KEY_UIApplicationSupportsIndirectInputEvents = YES;
				INFOPLIST_KEY_UILaunchStoryboardName = LaunchScreen;
				INFOPLIST_KEY_UISupportedInterfaceOrientations_iPad = "UIInterfaceOrientationPortrait UIInterfaceOrientationPortraitUpsideDown UIInterfaceOrientationLandscapeLeft UIInterfaceOrientationLandscapeRight";
				INFOPLIST_KEY_UISupportedInterfaceOrientations_iPhone = "UIInterfaceOrientationPortrait UIInterfaceOrientationLandscapeLeft UIInterfaceOrientationLandscapeRight";
				IPHONEOS_DEPLOYMENT_TARGET = 14.2;
				LD_RUNPATH_SEARCH_PATHS = (
					"$(inherited)",
					"@executable_path/Frameworks",
				);
				MARKETING_VERSION = 1.0;
				PRODUCT_BUNDLE_IDENTIFIER = com.ShivanshNikhra.SilentSafteyV2;
				PRODUCT_NAME = "$(TARGET_NAME)";
				SWIFT_EMIT_LOC_STRINGS = YES;
				SWIFT_VERSION = 5.0;
				TARGETED_DEVICE_FAMILY = "1,2";
			};
			name = Debug;
		};
		487833BD2875E0F800BD7C52 /* Release */ = {
			isa = XCBuildConfiguration;
			baseConfigurationReference = 0A6FA360D0CDBB4EE7E66666 /* Pods-SilentSafteyV2.release.xcconfig */;
			buildSettings = {
				ALWAYS_EMBED_SWIFT_STANDARD_LIBRARIES = YES;
				ASSETCATALOG_COMPILER_APPICON_NAME = AppIcon;
				ASSETCATALOG_COMPILER_GLOBAL_ACCENT_COLOR_NAME = AccentColor;
				CODE_SIGN_STYLE = Automatic;
				CURRENT_PROJECT_VERSION = 1;
				DEVELOPMENT_TEAM = 56GDD52UH9;
				GENERATE_INFOPLIST_FILE = YES;
				INFOPLIST_FILE = SilentSafteyV2/Info.plist;
				INFOPLIST_KEY_NSLocationWhenInUseUsageDescription = "Location when in use description ";
				INFOPLIST_KEY_UIApplicationSupportsIndirectInputEvents = YES;
				INFOPLIST_KEY_UILaunchStoryboardName = LaunchScreen;
				INFOPLIST_KEY_UISupportedInterfaceOrientations_iPad = "UIInterfaceOrientationPortrait UIInterfaceOrientationPortraitUpsideDown UIInterfaceOrientationLandscapeLeft UIInterfaceOrientationLandscapeRight";
				INFOPLIST_KEY_UISupportedInterfaceOrientations_iPhone = "UIInterfaceOrientationPortrait UIInterfaceOrientationLandscapeLeft UIInterfaceOrientationLandscapeRight";
				IPHONEOS_DEPLOYMENT_TARGET = 14.2;
				LD_RUNPATH_SEARCH_PATHS = (
					"$(inherited)",
					"@executable_path/Frameworks",
				);
				MARKETING_VERSION = 1.0;
				PRODUCT_BUNDLE_IDENTIFIER = com.ShivanshNikhra.SilentSafteyV2;
				PRODUCT_NAME = "$(TARGET_NAME)";
				SWIFT_EMIT_LOC_STRINGS = YES;
				SWIFT_VERSION = 5.0;
				TARGETED_DEVICE_FAMILY = "1,2";
			};
			name = Release;
		};
/* End XCBuildConfiguration section */

/* Begin XCConfigurationList section */
		482A4E0C287BCB5F0015A96A /* Build configuration list for PBXNativeTarget "SosButtonExtension" */ = {
			isa = XCConfigurationList;
			buildConfigurations = (
				482A4E0D287BCB5F0015A96A /* Debug */,
				482A4E0E287BCB5F0015A96A /* Release */,
			);
			defaultConfigurationIsVisible = 0;
			defaultConfigurationName = Release;
		};
		487833A22875E0F100BD7C52 /* Build configuration list for PBXProject "SilentSafteyV2" */ = {
			isa = XCConfigurationList;
			buildConfigurations = (
				487833B92875E0F800BD7C52 /* Debug */,
				487833BA2875E0F800BD7C52 /* Release */,
			);
			defaultConfigurationIsVisible = 0;
			defaultConfigurationName = Release;
		};
		487833BB2875E0F800BD7C52 /* Build configuration list for PBXNativeTarget "SilentSafteyV2" */ = {
			isa = XCConfigurationList;
			buildConfigurations = (
				487833BC2875E0F800BD7C52 /* Debug */,
				487833BD2875E0F800BD7C52 /* Release */,
			);
			defaultConfigurationIsVisible = 0;
			defaultConfigurationName = Release;
		};
/* End XCConfigurationList section */
	};
	rootObject = 4878339F2875E0F100BD7C52 /* Project object */;
}
